
Microsoft Visual Studio Solution File, Format Version 10.00
# Visual C# Express 2008
Project("{FAE04EC0-301F-11D3-BF4B-00C04F79EFBC}") = "Emerald Attendance", "Emerald Attendance\Emerald Attendance.csproj", "{2FDAEE2A-7A93-43E8-8783-DEA9EEBA39B5}"
EndProject
Global
	GlobalSection(SolutionConfigurationPlatforms) = preSolution
		Debug|Any CPU = Debug|Any CPU
		Release|Any CPU = Release|Any CPU
	EndGlobalSection
	GlobalSection(ProjectConfigurationPlatforms) = postSolution
		{2FDAEE2A-7A93-43E8-8783-DEA9EEBA39B5}.Debug|Any CPU.ActiveCfg = Debug|Any CPU
		{2FDAEE2A-7A93-43E8-8783-DEA9EEBA39B5}.Debug|Any CPU.Build.0 = Debug|Any CPU
		{2FDAEE2A-7A93-43E8-8783-DEA9EEBA39B5}.Release|Any CPU.ActiveCfg = Release|Any CPU
		{2FDAEE2A-7A93-43E8-8783-DEA9EEBA39B5}.Release|Any CPU.Build.0 = Release|Any CPU
	EndGlobalSection
	GlobalSection(SolutionProperties) = preSolution
		HideSolutionNode = FALSE
	EndGlobalSection
EndGlobal
